
Microsoft Visual Studio Solution File, Format Version 12.00
# Visual Studio 15
VisualStudioVersion = 15.0.28010.2046
MinimumVisualStudioVersion = 10.0.40219.1
Project("{FAE04EC0-301F-11D3-BF4B-00C04F79EFBC}") = "P1", "P1\P1.csproj", "{B2FB52A8-CA36-45A1-822D-58E82786A79D}"
EndProject
Global
	GlobalSection(SolutionConfigurationPlatforms) = preSolution
		Debug|Any CPU = Debug|Any CPU
		Release|Any CPU = Release|Any CPU
	EndGlobalSection
	GlobalSection(ProjectConfigurationPlatforms) = postSolution
		{B2FB52A8-CA36-45A1-822D-58E82786A79D}.Debug|Any CPU.ActiveCfg = Debug|Any CPU
		{B2FB52A8-CA36-45A1-822D-58E82786A79D}.Debug|Any CPU.Build.0 = Debug|Any CPU
		{B2FB52A8-CA36-45A1-822D-58E82786A79D}.Release|Any CPU.ActiveCfg = Release|Any CPU
		{B2FB52A8-CA36-45A1-822D-58E82786A79D}.Release|Any CPU.Build.0 = Release|Any CPU
	EndGlobalSection
	GlobalSection(SolutionProperties) = preSolution
		HideSolutionNode = FALSE
	EndGlobalSection
	GlobalSection(ExtensibilityGlobals) = postSolution
		SolutionGuid = {CCEBBCCD-BD31-490E-837F-3EDB93B8E956}
	EndGlobalSection
EndGlobal
